// !$*UTF8*$!
{
	archiveVersion = 1;
	classes = {
	};
	objectVersion = 46;
	objects = {

/* Begin PBXBuildFile section */
		5731AE781A9E8BEA00872FF9 /* AppDelegate.swift in Sources */ = {isa = PBXBuildFile; fileRef = 5731AE771A9E8BEA00872FF9 /* AppDelegate.swift */; };
		5731AE7A1A9E8BEA00872FF9 /* ViewController.swift in Sources */ = {isa = PBXBuildFile; fileRef = 5731AE791A9E8BEA00872FF9 /* ViewController.swift */; };
		5731AE7D1A9E8BEA00872FF9 /* Main.storyboard in Resources */ = {isa = PBXBuildFile; fileRef = 5731AE7B1A9E8BEA00872FF9 /* Main.storyboard */; };
		5731AE7F1A9E8BEA00872FF9 /* Images.xcassets in Resources */ = {isa = PBXBuildFile; fileRef = 5731AE7E1A9E8BEA00872FF9 /* Images.xcassets */; };
		5731AE821A9E8BEA00872FF9 /* LaunchScreen.xib in Resources */ = {isa = PBXBuildFile; fileRef = 5731AE801A9E8BEA00872FF9 /* LaunchScreen.xib */; };
		5731AE8E1A9E8BEA00872FF9 /* Simple_CalTests.swift in Sources */ = {isa = PBXBuildFile; fileRef = 5731AE8D1A9E8BEA00872FF9 /* Simple_CalTests.swift */; };
		57B3BA221AB4641F0046CC3E /* CalBrain.swift in Sources */ = {isa = PBXBuildFile; fileRef = 57B3BA211AB4641F0046CC3E /* CalBrain.swift */; };
/* End PBXBuildFile section */

/* Begin PBXContainerItemProxy section */
		5731AE881A9E8BEA00872FF9 /* PBXContainerItemProxy */ = {
			isa = PBXContainerItemProxy;
			containerPortal = 5731AE6A1A9E8BEA00872FF9 /* Project object */;
			proxyType = 1;
			remoteGlobalIDString = 5731AE711A9E8BEA00872FF9;
			remoteInfo = "Simple-Cal";
		};
/* End PBXContainerItemProxy section */

/* Begin PBXFileReference section */
		5731AE721A9E8BEA00872FF9 /* Simple-Cal.app */ = {isa = PBXFileReference; explicitFileType = wrapper.application; includeInIndex = 0; path = "Simple-Cal.app"; sourceTree = BUILT_PRODUCTS_DIR; };
		5731AE761A9E8BEA00872FF9 /* Info.plist */ = {isa = PBXFileReference; lastKnownFileType = text.plist.xml; path = Info.plist; sourceTree = "<group>"; };
		5731AE771A9E8BEA00872FF9 /* AppDelegate.swift */ = {isa = PBXFileReference; lastKnownFileType = sourcecode.swift; path = AppDelegate.swift; sourceTree = "<group>"; };
		5731AE791A9E8BEA00872FF9 /* ViewController.swift */ = {isa = PBXFileReference; lastKnownFileType = sourcecode.swift; path = ViewController.swift; sourceTree = "<group>"; };
		5731AE7C1A9E8BEA00872FF9 /* Base */ = {isa = PBXFileReference; lastKnownFileType = file.storyboard; name = Base; path = Base.lproj/Main.storyboard; sourceTree = "<group>"; };
		5731AE7E1A9E8BEA00872FF9 /* Images.xcassets */ = {isa = PBXFileReference; lastKnownFileType = folder.assetcatalog; path = Images.xcassets; sourceTree = "<group>"; };
		5731AE811A9E8BEA00872FF9 /* Base */ = {isa = PBXFileReference; lastKnownFileType = file.xib; name = Base; path = Base.lproj/LaunchScreen.xib; sourceTree = "<group>"; };
		5731AE871A9E8BEA00872FF9 /* Simple-CalTests.xctest */ = {isa = PBXFileReference; explicitFileType = wrapper.cfbundle; includeInIndex = 0; path = "Simple-CalTests.xctest"; sourceTree = BUILT_PRODUCTS_DIR; };
		5731AE8C1A9E8BEA00872FF9 /* Info.plist */ = {isa = PBXFileReference; lastKnownFileType = text.plist.xml; path = Info.plist; sourceTree = "<group>"; };
		5731AE8D1A9E8BEA00872FF9 /* Simple_CalTests.swift */ = {isa = PBXFileReference; lastKnownFileType = sourcecode.swift; path = Simple_CalTests.swift; sourceTree = "<group>"; };
		57B3BA211AB4641F0046CC3E /* CalBrain.swift */ = {isa = PBXFileReference; fileEncoding = 4; lastKnownFileType = sourcecode.swift; path = CalBrain.swift; sourceTree = "<group>"; };
/* End PBXFileReference section */

/* Begin PBXFrameworksBuildPhase section */
		5731AE6F1A9E8BEA00872FF9 /* Frameworks */ = {
			isa = PBXFrameworksBuildPhase;
			buildActionMask = 2147483647;
			files = (
			);
			runOnlyForDeploymentPostprocessing = 0;
		};
		5731AE841A9E8BEA00872FF9 /* Frameworks */ = {
			isa = PBXFrameworksBuildPhase;
			buildActionMask = 2147483647;
			files = (
			);
			runOnlyForDeploymentPostprocessing = 0;
		};
/* End PBXFrameworksBuildPhase section */

/* Begin PBXGroup section */
		5731AE691A9E8BEA00872FF9 = {
			isa = PBXGroup;
			children = (
				5731AE741A9E8BEA00872FF9 /* Simple-Cal */,
				5731AE8A1A9E8BEA00872FF9 /* Simple-CalTests */,
				5731AE731A9E8BEA00872FF9 /* Products */,
			);
			sourceTree = "<group>";
		};
		5731AE731A9E8BEA00872FF9 /* Products */ = {
			isa = PBXGroup;
			children = (
				5731AE721A9E8BEA00872FF9 /* Simple-Cal.app */,
				5731AE871A9E8BEA00872FF9 /* Simple-CalTests.xctest */,
			);
			name = Products;
			sourceTree = "<group>";
		};
		5731AE741A9E8BEA00872FF9 /* Simple-Cal */ = {
			isa = PBXGroup;
			children = (
				5731AE771A9E8BEA00872FF9 /* AppDelegate.swift */,
				5731AE791A9E8BEA00872FF9 /* ViewController.swift */,
				57B3BA211AB4641F0046CC3E /* CalBrain.swift */,
				5731AE7B1A9E8BEA00872FF9 /* Main.storyboard */,
				5731AE7E1A9E8BEA00872FF9 /* Images.xcassets */,
				5731AE801A9E8BEA00872FF9 /* LaunchScreen.xib */,
				5731AE751A9E8BEA00872FF9 /* Supporting Files */,
			);
			path = "Simple-Cal";
			sourceTree = "<group>";
		};
		5731AE751A9E8BEA00872FF9 /* Supporting Files */ = {
			isa = PBXGroup;
			children = (
				5731AE761A9E8BEA00872FF9 /* Info.plist */,
			);
			name = "Supporting Files";
			sourceTree = "<group>";
		};
		5731AE8A1A9E8BEA00872FF9 /* Simple-CalTests */ = {
			isa = PBXGroup;
			children = (
				5731AE8D1A9E8BEA00872FF9 /* Simple_CalTests.swift */,
				5731AE8B1A9E8BEA00872FF9 /* Supporting Files */,
			);
			path = "Simple-CalTests";
			sourceTree = "<group>";
		};
		5731AE8B1A9E8BEA00872FF9 /* Supporting Files */ = {
			isa = PBXGroup;
			children = (
				5731AE8C1A9E8BEA00872FF9 /* Info.plist */,
			);
			name = "Supporting Files";
			sourceTree = "<group>";
		};
/* End PBXGroup section */

/* Begin PBXNativeTarget section */
		5731AE711A9E8BEA00872FF9 /* Simple-Cal */ = {
			isa = PBXNativeTarget;
			buildConfigurationList = 5731AE911A9E8BEA00872FF9 /* Build configuration list for PBXNativeTarget "Simple-Cal" */;
			buildPhases = (
				5731AE6E1A9E8BEA00872FF9 /* Sources */,
				5731AE6F1A9E8BEA00872FF9 /* Frameworks */,
				5731AE701A9E8BEA00872FF9 /* Resources */,
			);
			buildRules = (
			);
			dependencies = (
			);
			name = "Simple-Cal";
			productName = "Simple-Cal";
			productReference = 5731AE721A9E8BEA00872FF9 /* Simple-Cal.app */;
			productType = "com.apple.product-type.application";
		};
		5731AE861A9E8BEA00872FF9 /* Simple-CalTests */ = {
			isa = PBXNativeTarget;
			buildConfigurationList = 5731AE941A9E8BEA00872FF9 /* Build configuration list for PBXNativeTarget "Simple-CalTests" */;
			buildPhases = (
				5731AE831A9E8BEA00872FF9 /* Sources */,
				5731AE841A9E8BEA00872FF9 /* Frameworks */,
				5731AE851A9E8BEA00872FF9 /* Resources */,
			);
			buildRules = (
			);
			dependencies = (
				5731AE891A9E8BEA00872FF9 /* PBXTargetDependency */,
			);
			name = "Simple-CalTests";
			productName = "Simple-CalTests";
			productReference = 5731AE871A9E8BEA00872FF9 /* Simple-CalTests.xctest */;
			productType = "com.apple.product-type.bundle.unit-test";
		};
/* End PBXNativeTarget section */

/* Begin PBXProject section */
		5731AE6A1A9E8BEA00872FF9 /* Project object */ = {
			isa = PBXProject;
			attributes = {
				LastUpgradeCheck = 0610;
				ORGANIZATIONNAME = "Matthew Chess";
				TargetAttributes = {
					5731AE711A9E8BEA00872FF9 = {
						CreatedOnToolsVersion = 6.1.1;
						DevelopmentTeam = WT24N59ZSA;
					};
					5731AE861A9E8BEA00872FF9 = {
						CreatedOnToolsVersion = 6.1.1;
						TestTargetID = 5731AE711A9E8BEA00872FF9;
					};
				};
			};
			buildConfigurationList = 5731AE6D1A9E8BEA00872FF9 /* Build configuration list for PBXProject "Simple-Cal" */;
			compatibilityVersion = "Xcode 3.2";
			developmentRegion = English;
			hasScannedForEncodings = 0;
			knownRegions = (
				en,
				Base,
			);
			mainGroup = 5731AE691A9E8BEA00872FF9;
			productRefGroup = 5731AE731A9E8BEA00872FF9 /* Products */;
			projectDirPath = "";
			projectRoot = "";
			targets = (
				5731AE711A9E8BEA00872FF9 /* Simple-Cal */,
				5731AE861A9E8BEA00872FF9 /* Simple-CalTests */,
			);
		};
/* End PBXProject section */

/* Begin PBXResourcesBuildPhase section */
		5731AE701A9E8BEA00872FF9 /* Resources */ = {
			isa = PBXResourcesBuildPhase;
			buildActionMask = 2147483647;
			files = (
				5731AE7D1A9E8BEA00872FF9 /* Main.storyboard in Resources */,
				5731AE821A9E8BEA00872FF9 /* LaunchScreen.xib in Resources */,
				5731AE7F1A9E8BEA00872FF9 /* Images.xcassets in Resources */,
			);
			runOnlyForDeploymentPostprocessing = 0;
		};
		5731AE851A9E8BEA00872FF9 /* Resources */ = {
			isa = PBXResourcesBuildPhase;
			buildActionMask = 2147483647;
			files = (
			);
			runOnlyForDeploymentPostprocessing = 0;
		};
/* End PBXResourcesBuildPhase section */

/* Begin PBXSourcesBuildPhase section */
		5731AE6E1A9E8BEA00872FF9 /* Sources */ = {
			isa = PBXSourcesBuildPhase;
			buildActionMask = 2147483647;
			files = (
				57B3BA221AB4641F0046CC3E /* CalBrain.swift in Sources */,
				5731AE7A1A9E8BEA00872FF9 /* ViewController.swift in Sources */,
				5731AE781A9E8BEA00872FF9 /* AppDelegate.swift in Sources */,
			);
			runOnlyForDeploymentPostprocessing = 0;
		};
		5731AE831A9E8BEA00872FF9 /* Sources */ = {
			isa = PBXSourcesBuildPhase;
			buildActionMask = 2147483647;
			files = (
				5731AE8E1A9E8BEA00872FF9 /* Simple_CalTests.swift in Sources */,
			);
			runOnlyForDeploymentPostprocessing = 0;
		};
/* End PBXSourcesBuildPhase section */

/* Begin PBXTargetDependency section */
		5731AE891A9E8BEA00872FF9 /* PBXTargetDependency */ = {
			isa = PBXTargetDependency;
			target = 5731AE711A9E8BEA00872FF9 /* Simple-Cal */;
			targetProxy = 5731AE881A9E8BEA00872FF9 /* PBXContainerItemProxy */;
		};
/* End PBXTargetDependency section */

/* Begin PBXVariantGroup section */
		5731AE7B1A9E8BEA00872FF9 /* Main.storyboard */ = {
			isa = PBXVariantGroup;
			children = (
				5731AE7C1A9E8BEA00872FF9 /* Base */,
			);
			name = Main.storyboard;
			sourceTree = "<group>";
		};
		5731AE801A9E8BEA00872FF9 /* LaunchScreen.xib */ = {
			isa = PBXVariantGroup;
			children = (
				5731AE811A9E8BEA00872FF9 /* Base */,
			);
			name = LaunchScreen.xib;
			sourceTree = "<group>";
		};
/* End PBXVariantGroup section */

/* Begin XCBuildConfiguration section */
		5731AE8F1A9E8BEA00872FF9 /* Debug */ = {
			isa = XCBuildConfiguration;
			buildSettings = {
				ALWAYS_SEARCH_USER_PATHS = NO;
				CLANG_CXX_LANGUAGE_STANDARD = "gnu++0x";
				CLANG_CXX_LIBRARY = "libc++";
				CLANG_ENABLE_MODULES = YES;
				CLANG_ENABLE_OBJC_ARC = YES;
				CLANG_WARN_BOOL_CONVERSION = YES;
				CLANG_WARN_CONSTANT_CONVERSION = YES;
				CLANG_WARN_DIRECT_OBJC_ISA_USAGE = YES_ERROR;
				CLANG_WARN_EMPTY_BODY = YES;
				CLANG_WARN_ENUM_CONVERSION = YES;
				CLANG_WARN_INT_CONVERSION = YES;
				CLANG_WARN_OBJC_ROOT_CLASS = YES_ERROR;
				CLANG_WARN_UNREACHABLE_CODE = YES;
				CLANG_WARN__DUPLICATE_METHOD_MATCH = YES;
				"CODE_SIGN_IDENTITY[sdk=iphoneos*]" = "iPhone Developer";
				COPY_PHASE_STRIP = NO;
				ENABLE_STRICT_OBJC_MSGSEND = YES;
				GCC_C_LANGUAGE_STANDARD = gnu99;
				GCC_DYNAMIC_NO_PIC = NO;
				GCC_OPTIMIZATION_LEVEL = 0;
				GCC_PREPROCESSOR_DEFINITIONS = (
					"DEBUG=1",
					"$(inherited)",
				);
				GCC_SYMBOLS_PRIVATE_EXTERN = NO;
				GCC_WARN_64_TO_32_BIT_CONVERSION = YES;
				GCC_WARN_ABOUT_RETURN_TYPE = YES_ERROR;
				GCC_WARN_UNDECLARED_SELECTOR = YES;
				GCC_WARN_UNINITIALIZED_AUTOS = YES_AGGRESSIVE;
				GCC_WARN_UNUSED_FUNCTION = YES;
				GCC_WARN_UNUSED_VARIABLE = YES;
				IPHONEOS_DEPLOYMENT_TARGET = 8.1;
				MTL_ENABLE_DEBUG_INFO = YES;
				ONLY_ACTIVE_ARCH = YES;
				SDKROOT = iphoneos;
				SWIFT_OPTIMIZATION_LEVEL = "-Onone";
				TARGETED_DEVICE_FAMILY = "1,2";
			};
			name = Debug;
		};
		5731AE901A9E8BEA00872FF9 /* Release */ = {
			isa = XCBuildConfiguration;
			buildSettings = {
				ALWAYS_SEARCH_USER_PATHS = NO;
				CLANG_CXX_LANGUAGE_STANDARD = "gnu++0x";
				CLANG_CXX_LIBRARY = "libc++";
				CLANG_ENABLE_MODULES = YES;
				CLANG_ENABLE_OBJC_ARC = YES;
				CLANG_WARN_BOOL_CONVERSION = YES;
				CLANG_WARN_CONSTANT_CONVERSION = YES;
				CLANG_WARN_DIRECT_OBJC_ISA_USAGE = YES_ERROR;
				CLANG_WARN_EMPTY_BODY = YES;
				CLANG_WARN_ENUM_CONVERSION = YES;
				CLANG_WARN_INT_CONVERSION = YES;
				CLANG_WARN_OBJC_ROOT_CLASS = YES_ERROR;
				CLANG_WARN_UNREACHABLE_CODE = YES;
				CLANG_WARN__DUPLICATE_METHOD_MATCH = YES;
				"CODE_SIGN_IDENTITY[sdk=iphoneos*]" = "iPhone Developer";
				COPY_PHASE_STRIP = YES;
				ENABLE_NS_ASSERTIONS = NO;
				ENABLE_STRICT_OBJC_MSGSEND = YES;
				GCC_C_LANGUAGE_STANDARD = gnu99;
				GCC_WARN_64_TO_32_BIT_CONVERSION = YES;
				GCC_WARN_ABOUT_RETURN_TYPE = YES_ERROR;
				GCC_WARN_UNDECLARED_SELECTOR = YES;
				GCC_WARN_UNINITIALIZED_AUTOS = YES_AGGRESSIVE;
				GCC_WARN_UNUSED_FUNCTION = YES;
				GCC_WARN_UNUSED_VARIABLE = YES;
				IPHONEOS_DEPLOYMENT_TARGET = 8.1;
				MTL_ENABLE_DEBUG_INFO = NO;
				SDKROOT = iphoneos;
				TARGETED_DEVICE_FAMILY = "1,2";
				VALIDATE_PRODUCT = YES;
			};
			name = Release;
		};
		5731AE921A9E8BEA00872FF9 /* Debug */ = {
			isa = XCBuildConfiguration;
			buildSettings = {
				ASSETCATALOG_COMPILER_APPICON_NAME = AppIcon;
				CODE_SIGN_IDENTITY = "iPhone Developer";
				INFOPLIST_FILE = "Simple-Cal/Info.plist";
				LD_RUNPATH_SEARCH_PATHS = "$(inherited) @executable_path/Frameworks";
				PRODUCT_NAME = "$(TARGET_NAME)";
			};
			name = Debug;
		};
		5731AE931A9E8BEA00872FF9 /* Release */ = {
			isa = XCBuildConfiguration;
			buildSettings = {
				ASSETCATALOG_COMPILER_APPICON_NAME = AppIcon;
				CODE_SIGN_IDENTITY = "iPhone Developer";
				INFOPLIST_FILE = "Simple-Cal/Info.plist";
				LD_RUNPATH_SEARCH_PATHS = "$(inherited) @executable_path/Frameworks";
				PRODUCT_NAME = "$(TARGET_NAME)";
			};
			name = Release;
		};
		5731AE951A9E8BEA00872FF9 /* Debug */ = {
			isa = XCBuildConfiguration;
			buildSettings = {
				BUNDLE_LOADER = "$(TEST_HOST)";
				FRAMEWORK_SEARCH_PATHS = (
					"$(SDKROOT)/Developer/Library/Frameworks",
					"$(inherited)",
				);
				GCC_PREPROCESSOR_DEFINITIONS = (
					"DEBUG=1",
					"$(inherited)",
				);
				INFOPLIST_FILE = "Simple-CalTests/Info.plist";
				LD_RUNPATH_SEARCH_PATHS = "$(inherited) @executable_path/Frameworks @loader_path/Frameworks";
				PRODUCT_NAME = "$(TARGET_NAME)";
				TEST_HOST = "$(BUILT_PRODUCTS_DIR)/Simple-Cal.app/Simple-Cal";
			};
			name = Debug;
		};
		5731AE961A9E8BEA00872FF9 /* Release */ = {
			isa = XCBuildConfiguration;
			buildSettings = {
				BUNDLE_LOADER = "$(TEST_HOST)";
				FRAMEWORK_SEARCH_PATHS = (
					"$(SDKROOT)/Developer/Library/Frameworks",
					"$(inherited)",
				);
				INFOPLIST_FILE = "Simple-CalTests/Info.plist";
				LD_RUNPATH_SEARCH_PATHS = "$(inherited) @executable_path/Frameworks @loader_path/Frameworks";
				PRODUCT_NAME = "$(TARGET_NAME)";
				TEST_HOST = "$(BUILT_PRODUCTS_DIR)/Simple-Cal.app/Simple-Cal";
			};
			name = Release;
		};
/* End XCBuildConfiguration section */

/* Begin XCConfigurationList section */
		5731AE6D1A9E8BEA00872FF9 /* Build configuration list for PBXProject "Simple-Cal" */ = {
			isa = XCConfigurationList;
			buildConfigurations = (
				5731AE8F1A9E8BEA00872FF9 /* Debug */,
				5731AE901A9E8BEA00872FF9 /* Release */,
			);
			defaultConfigurationIsVisible = 0;
			defaultConfigurationName = Release;
		};
		5731AE911A9E8BEA00872FF9 /* Build configuration list for PBXNativeTarget "Simple-Cal" */ = {
			isa = XCConfigurationList;
			buildConfigurations = (
				5731AE921A9E8BEA00872FF9 /* Debug */,
				5731AE931A9E8BEA00872FF9 /* Release */,
			);
			defaultConfigurationIsVisible = 0;
			defaultConfigurationName = Release;
		};
		5731AE941A9E8BEA00872FF9 /* Build configuration list for PBXNativeTarget "Simple-CalTests" */ = {
			isa = XCConfigurationList;
			buildConfigurations = (
				5731AE951A9E8BEA00872FF9 /* Debug */,
				5731AE961A9E8BEA00872FF9 /* Release */,
			);
			defaultConfigurationIsVisible = 0;
			defaultConfigurationName = Release;
		};
/* End XCConfigurationList section */
	};
	rootObject = 5731AE6A1A9E8BEA00872FF9 /* Project object */;
}
